
Microsoft Visual Studio Solution File, Format Version 12.00
# Visual Studio Version 17
VisualStudioVersion = 17.8.34219.65
MinimumVisualStudioVersion = 10.0.40219.1
Project("{FAE04EC0-301F-11D3-BF4B-00C04F79EFBC}") = "UbuntuModal", "UbuntuModal\UbuntuModal.csproj", "{6CC67F86-0C93-49ED-A28B-5448644F4ECB}"
EndProject
Global
	GlobalSection(SolutionConfigurationPlatforms) = preSolution
		Debug|Any CPU = Debug|Any CPU
		Release|Any CPU = Release|Any CPU
	EndGlobalSection
	GlobalSection(ProjectConfigurationPlatforms) = postSolution
		{6CC67F86-0C93-49ED-A28B-5448644F4ECB}.Debug|Any CPU.ActiveCfg = Debug|Any CPU
		{6CC67F86-0C93-49ED-A28B-5448644F4ECB}.Debug|Any CPU.Build.0 = Debug|Any CPU
		{6CC67F86-0C93-49ED-A28B-5448644F4ECB}.Release|Any CPU.ActiveCfg = Release|Any CPU
		{6CC67F86-0C93-49ED-A28B-5448644F4ECB}.Release|Any CPU.Build.0 = Release|Any CPU
	EndGlobalSection
	GlobalSection(SolutionProperties) = preSolution
		HideSolutionNode = FALSE
	EndGlobalSection
	GlobalSection(ExtensibilityGlobals) = postSolution
		SolutionGuid = {A2AEA1CC-3011-43E9-9BC5-C33BD0488851}
	EndGlobalSection
EndGlobal
